
Microsoft Visual Studio Solution File, Format Version 12.00
# Visual Studio Version 17
VisualStudioVersion = 17.2.32630.192
MinimumVisualStudioVersion = 10.0.40219.1
Project("{FAE04EC0-301F-11D3-BF4B-00C04F79EFBC}") = "ntcdatabase", "ntcdatabase\ntcdatabase.csproj", "{8A1C9725-BCF4-4616-BF21-3D59EF205516}"
EndProject
Global
	GlobalSection(SolutionConfigurationPlatforms) = preSolution
		Debug|Any CPU = Debug|Any CPU
		Release|Any CPU = Release|Any CPU
	EndGlobalSection
	GlobalSection(ProjectConfigurationPlatforms) = postSolution
		{8A1C9725-BCF4-4616-BF21-3D59EF205516}.Debug|Any CPU.ActiveCfg = Debug|Any CPU
		{8A1C9725-BCF4-4616-BF21-3D59EF205516}.Debug|Any CPU.Build.0 = Debug|Any CPU
		{8A1C9725-BCF4-4616-BF21-3D59EF205516}.Release|Any CPU.ActiveCfg = Release|Any CPU
		{8A1C9725-BCF4-4616-BF21-3D59EF205516}.Release|Any CPU.Build.0 = Release|Any CPU
	EndGlobalSection
	GlobalSection(SolutionProperties) = preSolution
		HideSolutionNode = FALSE
	EndGlobalSection
	GlobalSection(ExtensibilityGlobals) = postSolution
		SolutionGuid = {95997BE3-1C17-4CE4-A9A6-24D2FBCFDB83}
	EndGlobalSection
EndGlobal
